// !$*UTF8*$!
{
	archiveVersion = 1;
	classes = {
	};
	objectVersion = 50;
	objects = {

/* Begin PBXBuildFile section */
		552B4A9A26C26658002443F7 /* MonsterBookSwiftUIApp.swift in Sources */ = {isa = PBXBuildFile; fileRef = 552B4A9926C26658002443F7 /* MonsterBookSwiftUIApp.swift */; };
		552B4A9C26C26658002443F7 /* ContentView.swift in Sources */ = {isa = PBXBuildFile; fileRef = 552B4A9B26C26658002443F7 /* ContentView.swift */; };
		552B4A9E26C2665A002443F7 /* Assets.xcassets in Resources */ = {isa = PBXBuildFile; fileRef = 552B4A9D26C2665A002443F7 /* Assets.xcassets */; };
		552B4AA126C2665A002443F7 /* Preview Assets.xcassets in Resources */ = {isa = PBXBuildFile; fileRef = 552B4AA026C2665A002443F7 /* Preview Assets.xcassets */; };
		552B4AAC26C2665A002443F7 /* MonsterBookSwiftUITests.swift in Sources */ = {isa = PBXBuildFile; fileRef = 552B4AAB26C2665A002443F7 /* MonsterBookSwiftUITests.swift */; };
		552B4AB726C2665A002443F7 /* MonsterBookSwiftUIUITests.swift in Sources */ = {isa = PBXBuildFile; fileRef = 552B4AB626C2665A002443F7 /* MonsterBookSwiftUIUITests.swift */; };
		5580033526C2695600081EC9 /* MonsterDetailContent.swift in Sources */ = {isa = PBXBuildFile; fileRef = 5580033426C2695600081EC9 /* MonsterDetailContent.swift */; };
		5580033726C26E2800081EC9 /* TextFieldRow.swift in Sources */ = {isa = PBXBuildFile; fileRef = 5580033626C26E2800081EC9 /* TextFieldRow.swift */; };
		5580033B26C2703900081EC9 /* TextEditorRow.swift in Sources */ = {isa = PBXBuildFile; fileRef = 5580033A26C2703900081EC9 /* TextEditorRow.swift */; };
		5580034526C2764B00081EC9 /* Monster.swift in Sources */ = {isa = PBXBuildFile; fileRef = 5580034426C2764B00081EC9 /* Monster.swift */; };
		5580034826C2768000081EC9 /* SeederStaticDataStore.swift in Sources */ = {isa = PBXBuildFile; fileRef = 5580034726C2768000081EC9 /* SeederStaticDataStore.swift */; };
		5580034A26C276A900081EC9 /* SeederCoreDataStore.swift in Sources */ = {isa = PBXBuildFile; fileRef = 5580034926C276A900081EC9 /* SeederCoreDataStore.swift */; };
		5580034C26C276C200081EC9 /* SeederNetworkDataStore.swift in Sources */ = {isa = PBXBuildFile; fileRef = 5580034B26C276C200081EC9 /* SeederNetworkDataStore.swift */; };
		5580034E26C276DE00081EC9 /* MonsterRepository.swift in Sources */ = {isa = PBXBuildFile; fileRef = 5580034D26C276DE00081EC9 /* MonsterRepository.swift */; };
		5580035026C2776000081EC9 /* MBColor.swift in Sources */ = {isa = PBXBuildFile; fileRef = 5580034F26C2776000081EC9 /* MBColor.swift */; };
		5580035226C277E100081EC9 /* PickerViewRow.swift in Sources */ = {isa = PBXBuildFile; fileRef = 5580035126C277E100081EC9 /* PickerViewRow.swift */; };
		5580035626C2790A00081EC9 /* MonsterImageRow.swift in Sources */ = {isa = PBXBuildFile; fileRef = 5580035526C2790A00081EC9 /* MonsterImageRow.swift */; };
		5580035C26C3AC0E00081EC9 /* MonsterListContent.swift in Sources */ = {isa = PBXBuildFile; fileRef = 5580035B26C3AC0E00081EC9 /* MonsterListContent.swift */; };
		5580035E26C3AC4E00081EC9 /* MonsterRow.swift in Sources */ = {isa = PBXBuildFile; fileRef = 5580035D26C3AC4E00081EC9 /* MonsterRow.swift */; };
		5580036026C3AC7100081EC9 /* YourCoreComponent.swift in Sources */ = {isa = PBXBuildFile; fileRef = 5580035F26C3AC7100081EC9 /* YourCoreComponent.swift */; };
/* End PBXBuildFile section */

/* Begin PBXContainerItemProxy section */
		552B4AA826C2665A002443F7 /* PBXContainerItemProxy */ = {
			isa = PBXContainerItemProxy;
			containerPortal = 552B4A8E26C26658002443F7 /* Project object */;
			proxyType = 1;
			remoteGlobalIDString = 552B4A9526C26658002443F7;
			remoteInfo = MonsterBookSwiftUI;
		};
		552B4AB326C2665A002443F7 /* PBXContainerItemProxy */ = {
			isa = PBXContainerItemProxy;
			containerPortal = 552B4A8E26C26658002443F7 /* Project object */;
			proxyType = 1;
			remoteGlobalIDString = 552B4A9526C26658002443F7;
			remoteInfo = MonsterBookSwiftUI;
		};
/* End PBXContainerItemProxy section */

/* Begin PBXFileReference section */
		552B4A9626C26658002443F7 /* MonsterBookSwiftUI.app */ = {isa = PBXFileReference; explicitFileType = wrapper.application; includeInIndex = 0; path = MonsterBookSwiftUI.app; sourceTree = BUILT_PRODUCTS_DIR; };
		552B4A9926C26658002443F7 /* MonsterBookSwiftUIApp.swift */ = {isa = PBXFileReference; lastKnownFileType = sourcecode.swift; path = MonsterBookSwiftUIApp.swift; sourceTree = "<group>"; };
		552B4A9B26C26658002443F7 /* ContentView.swift */ = {isa = PBXFileReference; lastKnownFileType = sourcecode.swift; path = ContentView.swift; sourceTree = "<group>"; };
		552B4A9D26C2665A002443F7 /* Assets.xcassets */ = {isa = PBXFileReference; lastKnownFileType = folder.assetcatalog; path = Assets.xcassets; sourceTree = "<group>"; };
		552B4AA026C2665A002443F7 /* Preview Assets.xcassets */ = {isa = PBXFileReference; lastKnownFileType = folder.assetcatalog; path = "Preview Assets.xcassets"; sourceTree = "<group>"; };
		552B4AA226C2665A002443F7 /* Info.plist */ = {isa = PBXFileReference; lastKnownFileType = text.plist.xml; path = Info.plist; sourceTree = "<group>"; };
		552B4AA726C2665A002443F7 /* MonsterBookSwiftUITests.xctest */ = {isa = PBXFileReference; explicitFileType = wrapper.cfbundle; includeInIndex = 0; path = MonsterBookSwiftUITests.xctest; sourceTree = BUILT_PRODUCTS_DIR; };
		552B4AAB26C2665A002443F7 /* MonsterBookSwiftUITests.swift */ = {isa = PBXFileReference; lastKnownFileType = sourcecode.swift; path = MonsterBookSwiftUITests.swift; sourceTree = "<group>"; };
		552B4AAD26C2665A002443F7 /* Info.plist */ = {isa = PBXFileReference; lastKnownFileType = text.plist.xml; path = Info.plist; sourceTree = "<group>"; };
		552B4AB226C2665A002443F7 /* MonsterBookSwiftUIUITests.xctest */ = {isa = PBXFileReference; explicitFileType = wrapper.cfbundle; includeInIndex = 0; path = MonsterBookSwiftUIUITests.xctest; sourceTree = BUILT_PRODUCTS_DIR; };
		552B4AB626C2665A002443F7 /* MonsterBookSwiftUIUITests.swift */ = {isa = PBXFileReference; lastKnownFileType = sourcecode.swift; path = MonsterBookSwiftUIUITests.swift; sourceTree = "<group>"; };
		552B4AB826C2665A002443F7 /* Info.plist */ = {isa = PBXFileReference; lastKnownFileType = text.plist.xml; path = Info.plist; sourceTree = "<group>"; };
		5580033426C2695600081EC9 /* MonsterDetailContent.swift */ = {isa = PBXFileReference; lastKnownFileType = sourcecode.swift; path = MonsterDetailContent.swift; sourceTree = "<group>"; };
		5580033626C26E2800081EC9 /* TextFieldRow.swift */ = {isa = PBXFileReference; lastKnownFileType = sourcecode.swift; path = TextFieldRow.swift; sourceTree = "<group>"; };
		5580033A26C2703900081EC9 /* TextEditorRow.swift */ = {isa = PBXFileReference; lastKnownFileType = sourcecode.swift; path = TextEditorRow.swift; sourceTree = "<group>"; };
		5580034426C2764B00081EC9 /* Monster.swift */ = {isa = PBXFileReference; lastKnownFileType = sourcecode.swift; path = Monster.swift; sourceTree = "<group>"; };
		5580034726C2768000081EC9 /* SeederStaticDataStore.swift */ = {isa = PBXFileReference; lastKnownFileType = sourcecode.swift; path = SeederStaticDataStore.swift; sourceTree = "<group>"; };
		5580034926C276A900081EC9 /* SeederCoreDataStore.swift */ = {isa = PBXFileReference; lastKnownFileType = sourcecode.swift; path = SeederCoreDataStore.swift; sourceTree = "<group>"; };
		5580034B26C276C200081EC9 /* SeederNetworkDataStore.swift */ = {isa = PBXFileReference; lastKnownFileType = sourcecode.swift; path = SeederNetworkDataStore.swift; sourceTree = "<group>"; };
		5580034D26C276DE00081EC9 /* MonsterRepository.swift */ = {isa = PBXFileReference; lastKnownFileType = sourcecode.swift; path = MonsterRepository.swift; sourceTree = "<group>"; };
		5580034F26C2776000081EC9 /* MBColor.swift */ = {isa = PBXFileReference; lastKnownFileType = sourcecode.swift; path = MBColor.swift; sourceTree = "<group>"; };
		5580035126C277E100081EC9 /* PickerViewRow.swift */ = {isa = PBXFileReference; lastKnownFileType = sourcecode.swift; path = PickerViewRow.swift; sourceTree = "<group>"; };
		5580035526C2790A00081EC9 /* MonsterImageRow.swift */ = {isa = PBXFileReference; lastKnownFileType = sourcecode.swift; path = MonsterImageRow.swift; sourceTree = "<group>"; };
		5580035B26C3AC0E00081EC9 /* MonsterListContent.swift */ = {isa = PBXFileReference; lastKnownFileType = sourcecode.swift; path = MonsterListContent.swift; sourceTree = "<group>"; };
		5580035D26C3AC4E00081EC9 /* MonsterRow.swift */ = {isa = PBXFileReference; lastKnownFileType = sourcecode.swift; path = MonsterRow.swift; sourceTree = "<group>"; };
		5580035F26C3AC7100081EC9 /* YourCoreComponent.swift */ = {isa = PBXFileReference; lastKnownFileType = sourcecode.swift; path = YourCoreComponent.swift; sourceTree = "<group>"; };
/* End PBXFileReference section */

/* Begin PBXFrameworksBuildPhase section */
		552B4A9326C26658002443F7 /* Frameworks */ = {
			isa = PBXFrameworksBuildPhase;
			buildActionMask = 2147483647;
			files = (
			);
			runOnlyForDeploymentPostprocessing = 0;
		};
		552B4AA426C2665A002443F7 /* Frameworks */ = {
			isa = PBXFrameworksBuildPhase;
			buildActionMask = 2147483647;
			files = (
			);
			runOnlyForDeploymentPostprocessing = 0;
		};
		552B4AAF26C2665A002443F7 /* Frameworks */ = {
			isa = PBXFrameworksBuildPhase;
			buildActionMask = 2147483647;
			files = (
			);
			runOnlyForDeploymentPostprocessing = 0;
		};
/* End PBXFrameworksBuildPhase section */

/* Begin PBXGroup section */
		552B4A8D26C26658002443F7 = {
			isa = PBXGroup;
			children = (
				552B4A9826C26658002443F7 /* MonsterBookSwiftUI */,
				552B4AAA26C2665A002443F7 /* MonsterBookSwiftUITests */,
				552B4AB526C2665A002443F7 /* MonsterBookSwiftUIUITests */,
				552B4A9726C26658002443F7 /* Products */,
			);
			sourceTree = "<group>";
		};
		552B4A9726C26658002443F7 /* Products */ = {
			isa = PBXGroup;
			children = (
				552B4A9626C26658002443F7 /* MonsterBookSwiftUI.app */,
				552B4AA726C2665A002443F7 /* MonsterBookSwiftUITests.xctest */,
				552B4AB226C2665A002443F7 /* MonsterBookSwiftUIUITests.xctest */,
			);
			name = Products;
			sourceTree = "<group>";
		};
		552B4A9826C26658002443F7 /* MonsterBookSwiftUI */ = {
			isa = PBXGroup;
			children = (
				5580033E26C275DA00081EC9 /* Feature */,
				5580033826C2700400081EC9 /* Themes */,
				5580034126C2761D00081EC9 /* Utilities */,
				552B4A9926C26658002443F7 /* MonsterBookSwiftUIApp.swift */,
				552B4A9B26C26658002443F7 /* ContentView.swift */,
				552B4A9D26C2665A002443F7 /* Assets.xcassets */,
				552B4AA226C2665A002443F7 /* Info.plist */,
				552B4A9F26C2665A002443F7 /* Preview Content */,
			);
			path = MonsterBookSwiftUI;
			sourceTree = "<group>";
		};
		552B4A9F26C2665A002443F7 /* Preview Content */ = {
			isa = PBXGroup;
			children = (
				552B4AA026C2665A002443F7 /* Preview Assets.xcassets */,
			);
			path = "Preview Content";
			sourceTree = "<group>";
		};
		552B4AAA26C2665A002443F7 /* MonsterBookSwiftUITests */ = {
			isa = PBXGroup;
			children = (
				552B4AAB26C2665A002443F7 /* MonsterBookSwiftUITests.swift */,
				552B4AAD26C2665A002443F7 /* Info.plist */,
			);
			path = MonsterBookSwiftUITests;
			sourceTree = "<group>";
		};
		552B4AB526C2665A002443F7 /* MonsterBookSwiftUIUITests */ = {
			isa = PBXGroup;
			children = (
				552B4AB626C2665A002443F7 /* MonsterBookSwiftUIUITests.swift */,
				552B4AB826C2665A002443F7 /* Info.plist */,
			);
			path = MonsterBookSwiftUIUITests;
			sourceTree = "<group>";
		};
		5580033826C2700400081EC9 /* Themes */ = {
			isa = PBXGroup;
			children = (
				5580035826C29C4600081EC9 /* Colors */,
				5580033926C2701100081EC9 /* Components */,
			);
			path = Themes;
			sourceTree = "<group>";
		};
		5580033926C2701100081EC9 /* Components */ = {
			isa = PBXGroup;
			children = (
				5580035F26C3AC7100081EC9 /* YourCoreComponent.swift */,
			);
			path = Components;
			sourceTree = "<group>";
		};
		5580033C26C275B500081EC9 /* Pages */ = {
			isa = PBXGroup;
			children = (
				5580035926C3AA3D00081EC9 /* MonsterList */,
				5580035326C2789000081EC9 /* MonsterDetail */,
			);
			path = Pages;
			sourceTree = "<group>";
		};
		5580033D26C275BD00081EC9 /* Model */ = {
			isa = PBXGroup;
			children = (
				5580034626C2766A00081EC9 /* DataStore */,
				5580034D26C276DE00081EC9 /* MonsterRepository.swift */,
			);
			path = Model;
			sourceTree = "<group>";
		};
		5580033E26C275DA00081EC9 /* Feature */ = {
			isa = PBXGroup;
			children = (
				5580033F26C275E400081EC9 /* MonsterPresentation */,
			);
			path = Feature;
			sourceTree = "<group>";
		};
		5580033F26C275E400081EC9 /* MonsterPresentation */ = {
			isa = PBXGroup;
			children = (
				5580033D26C275BD00081EC9 /* Model */,
				5580033C26C275B500081EC9 /* Pages */,
			);
			path = MonsterPresentation;
			sourceTree = "<group>";
		};
		5580034126C2761D00081EC9 /* Utilities */ = {
			isa = PBXGroup;
			children = (
				5580034226C2763B00081EC9 /* CoreData */,
			);
			path = Utilities;
			sourceTree = "<group>";
		};
		5580034226C2763B00081EC9 /* CoreData */ = {
			isa = PBXGroup;
			children = (
				5580034326C2764100081EC9 /* Model */,
			);
			path = CoreData;
			sourceTree = "<group>";
		};
		5580034326C2764100081EC9 /* Model */ = {
			isa = PBXGroup;
			children = (
				5580034426C2764B00081EC9 /* Monster.swift */,
			);
			path = Model;
			sourceTree = "<group>";
		};
		5580034626C2766A00081EC9 /* DataStore */ = {
			isa = PBXGroup;
			children = (
				5580034726C2768000081EC9 /* SeederStaticDataStore.swift */,
				5580034926C276A900081EC9 /* SeederCoreDataStore.swift */,
				5580034B26C276C200081EC9 /* SeederNetworkDataStore.swift */,
			);
			path = DataStore;
			sourceTree = "<group>";
		};
		5580035326C2789000081EC9 /* MonsterDetail */ = {
			isa = PBXGroup;
			children = (
				5580035426C278F700081EC9 /* Component */,
				5580033426C2695600081EC9 /* MonsterDetailContent.swift */,
			);
			path = MonsterDetail;
			sourceTree = "<group>";
		};
		5580035426C278F700081EC9 /* Component */ = {
			isa = PBXGroup;
			children = (
				5580035126C277E100081EC9 /* PickerViewRow.swift */,
				5580033626C26E2800081EC9 /* TextFieldRow.swift */,
				5580033A26C2703900081EC9 /* TextEditorRow.swift */,
				5580035526C2790A00081EC9 /* MonsterImageRow.swift */,
			);
			path = Component;
			sourceTree = "<group>";
		};
		5580035826C29C4600081EC9 /* Colors */ = {
			isa = PBXGroup;
			children = (
				5580034F26C2776000081EC9 /* MBColor.swift */,
			);
			path = Colors;
			sourceTree = "<group>";
		};
		5580035926C3AA3D00081EC9 /* MonsterList */ = {
			isa = PBXGroup;
			children = (
				5580035A26C3ABFB00081EC9 /* Component */,
				5580035B26C3AC0E00081EC9 /* MonsterListContent.swift */,
			);
			path = MonsterList;
			sourceTree = "<group>";
		};
		5580035A26C3ABFB00081EC9 /* Component */ = {
			isa = PBXGroup;
			children = (
				5580035D26C3AC4E00081EC9 /* MonsterRow.swift */,
			);
			path = Component;
			sourceTree = "<group>";
		};
/* End PBXGroup section */

/* Begin PBXNativeTarget section */
		552B4A9526C26658002443F7 /* MonsterBookSwiftUI */ = {
			isa = PBXNativeTarget;
			buildConfigurationList = 552B4ABB26C2665A002443F7 /* Build configuration list for PBXNativeTarget "MonsterBookSwiftUI" */;
			buildPhases = (
				552B4A9226C26658002443F7 /* Sources */,
				552B4A9326C26658002443F7 /* Frameworks */,
				552B4A9426C26658002443F7 /* Resources */,
			);
			buildRules = (
			);
			dependencies = (
			);
			name = MonsterBookSwiftUI;
			productName = MonsterBookSwiftUI;
			productReference = 552B4A9626C26658002443F7 /* MonsterBookSwiftUI.app */;
			productType = "com.apple.product-type.application";
		};
		552B4AA626C2665A002443F7 /* MonsterBookSwiftUITests */ = {
			isa = PBXNativeTarget;
			buildConfigurationList = 552B4ABE26C2665A002443F7 /* Build configuration list for PBXNativeTarget "MonsterBookSwiftUITests" */;
			buildPhases = (
				552B4AA326C2665A002443F7 /* Sources */,
				552B4AA426C2665A002443F7 /* Frameworks */,
				552B4AA526C2665A002443F7 /* Resources */,
			);
			buildRules = (
			);
			dependencies = (
				552B4AA926C2665A002443F7 /* PBXTargetDependency */,
			);
			name = MonsterBookSwiftUITests;
			productName = MonsterBookSwiftUITests;
			productReference = 552B4AA726C2665A002443F7 /* MonsterBookSwiftUITests.xctest */;
			productType = "com.apple.product-type.bundle.unit-test";
		};
		552B4AB126C2665A002443F7 /* MonsterBookSwiftUIUITests */ = {
			isa = PBXNativeTarget;
			buildConfigurationList = 552B4AC126C2665A002443F7 /* Build configuration list for PBXNativeTarget "MonsterBookSwiftUIUITests" */;
			buildPhases = (
				552B4AAE26C2665A002443F7 /* Sources */,
				552B4AAF26C2665A002443F7 /* Frameworks */,
				552B4AB026C2665A002443F7 /* Resources */,
			);
			buildRules = (
			);
			dependencies = (
				552B4AB426C2665A002443F7 /* PBXTargetDependency */,
			);
			name = MonsterBookSwiftUIUITests;
			productName = MonsterBookSwiftUIUITests;
			productReference = 552B4AB226C2665A002443F7 /* MonsterBookSwiftUIUITests.xctest */;
			productType = "com.apple.product-type.bundle.ui-testing";
		};
/* End PBXNativeTarget section */

/* Begin PBXProject section */
		552B4A8E26C26658002443F7 /* Project object */ = {
			isa = PBXProject;
			attributes = {
				LastSwiftUpdateCheck = 1250;
				LastUpgradeCheck = 1250;
				TargetAttributes = {
					552B4A9526C26658002443F7 = {
						CreatedOnToolsVersion = 12.5.1;
					};
					552B4AA626C2665A002443F7 = {
						CreatedOnToolsVersion = 12.5.1;
						TestTargetID = 552B4A9526C26658002443F7;
					};
					552B4AB126C2665A002443F7 = {
						CreatedOnToolsVersion = 12.5.1;
						TestTargetID = 552B4A9526C26658002443F7;
					};
				};
			};
			buildConfigurationList = 552B4A9126C26658002443F7 /* Build configuration list for PBXProject "MonsterBookSwiftUI" */;
			compatibilityVersion = "Xcode 9.3";
			developmentRegion = en;
			hasScannedForEncodings = 0;
			knownRegions = (
				en,
				Base,
			);
			mainGroup = 552B4A8D26C26658002443F7;
			productRefGroup = 552B4A9726C26658002443F7 /* Products */;
			projectDirPath = "";
			projectRoot = "";
			targets = (
				552B4A9526C26658002443F7 /* MonsterBookSwiftUI */,
				552B4AA626C2665A002443F7 /* MonsterBookSwiftUITests */,
				552B4AB126C2665A002443F7 /* MonsterBookSwiftUIUITests */,
			);
		};
/* End PBXProject section */

/* Begin PBXResourcesBuildPhase section */
		552B4A9426C26658002443F7 /* Resources */ = {
			isa = PBXResourcesBuildPhase;
			buildActionMask = 2147483647;
			files = (
				552B4AA126C2665A002443F7 /* Preview Assets.xcassets in Resources */,
				552B4A9E26C2665A002443F7 /* Assets.xcassets in Resources */,
			);
			runOnlyForDeploymentPostprocessing = 0;
		};
		552B4AA526C2665A002443F7 /* Resources */ = {
			isa = PBXResourcesBuildPhase;
			buildActionMask = 2147483647;
			files = (
			);
			runOnlyForDeploymentPostprocessing = 0;
		};
		552B4AB026C2665A002443F7 /* Resources */ = {
			isa = PBXResourcesBuildPhase;
			buildActionMask = 2147483647;
			files = (
			);
			runOnlyForDeploymentPostprocessing = 0;
		};
/* End PBXResourcesBuildPhase section */

/* Begin PBXSourcesBuildPhase section */
		552B4A9226C26658002443F7 /* Sources */ = {
			isa = PBXSourcesBuildPhase;
			buildActionMask = 2147483647;
			files = (
				552B4A9C26C26658002443F7 /* ContentView.swift in Sources */,
				5580035E26C3AC4E00081EC9 /* MonsterRow.swift in Sources */,
				552B4A9A26C26658002443F7 /* MonsterBookSwiftUIApp.swift in Sources */,
				5580035026C2776000081EC9 /* MBColor.swift in Sources */,
				5580034C26C276C200081EC9 /* SeederNetworkDataStore.swift in Sources */,
				5580035626C2790A00081EC9 /* MonsterImageRow.swift in Sources */,
				5580033B26C2703900081EC9 /* TextEditorRow.swift in Sources */,
				5580034E26C276DE00081EC9 /* MonsterRepository.swift in Sources */,
				5580033726C26E2800081EC9 /* TextFieldRow.swift in Sources */,
				5580035C26C3AC0E00081EC9 /* MonsterListContent.swift in Sources */,
				5580035226C277E100081EC9 /* PickerViewRow.swift in Sources */,
				5580034A26C276A900081EC9 /* SeederCoreDataStore.swift in Sources */,
				5580034526C2764B00081EC9 /* Monster.swift in Sources */,
				5580036026C3AC7100081EC9 /* YourCoreComponent.swift in Sources */,
				5580033526C2695600081EC9 /* MonsterDetailContent.swift in Sources */,
				5580034826C2768000081EC9 /* SeederStaticDataStore.swift in Sources */,
			);
			runOnlyForDeploymentPostprocessing = 0;
		};
		552B4AA326C2665A002443F7 /* Sources */ = {
			isa = PBXSourcesBuildPhase;
			buildActionMask = 2147483647;
			files = (
				552B4AAC26C2665A002443F7 /* MonsterBookSwiftUITests.swift in Sources */,
			);
			runOnlyForDeploymentPostprocessing = 0;
		};
		552B4AAE26C2665A002443F7 /* Sources */ = {
			isa = PBXSourcesBuildPhase;
			buildActionMask = 2147483647;
			files = (
				552B4AB726C2665A002443F7 /* MonsterBookSwiftUIUITests.swift in Sources */,
			);
			runOnlyForDeploymentPostprocessing = 0;
		};
/* End PBXSourcesBuildPhase section */

/* Begin PBXTargetDependency section */
		552B4AA926C2665A002443F7 /* PBXTargetDependency */ = {
			isa = PBXTargetDependency;
			target = 552B4A9526C26658002443F7 /* MonsterBookSwiftUI */;
			targetProxy = 552B4AA826C2665A002443F7 /* PBXContainerItemProxy */;
		};
		552B4AB426C2665A002443F7 /* PBXTargetDependency */ = {
			isa = PBXTargetDependency;
			target = 552B4A9526C26658002443F7 /* MonsterBookSwiftUI */;
			targetProxy = 552B4AB326C2665A002443F7 /* PBXContainerItemProxy */;
		};
/* End PBXTargetDependency section */

/* Begin XCBuildConfiguration section */
		552B4AB926C2665A002443F7 /* Debug */ = {
			isa = XCBuildConfiguration;
			buildSettings = {
				ALWAYS_SEARCH_USER_PATHS = NO;
				CLANG_ANALYZER_NONNULL = YES;
				CLANG_ANALYZER_NUMBER_OBJECT_CONVERSION = YES_AGGRESSIVE;
				CLANG_CXX_LANGUAGE_STANDARD = "gnu++14";
				CLANG_CXX_LIBRARY = "libc++";
				CLANG_ENABLE_MODULES = YES;
				CLANG_ENABLE_OBJC_ARC = YES;
				CLANG_ENABLE_OBJC_WEAK = YES;
				CLANG_WARN_BLOCK_CAPTURE_AUTORELEASING = YES;
				CLANG_WARN_BOOL_CONVERSION = YES;
				CLANG_WARN_COMMA = YES;
				CLANG_WARN_CONSTANT_CONVERSION = YES;
				CLANG_WARN_DEPRECATED_OBJC_IMPLEMENTATIONS = YES;
				CLANG_WARN_DIRECT_OBJC_ISA_USAGE = YES_ERROR;
				CLANG_WARN_DOCUMENTATION_COMMENTS = YES;
				CLANG_WARN_EMPTY_BODY = YES;
				CLANG_WARN_ENUM_CONVERSION = YES;
				CLANG_WARN_INFINITE_RECURSION = YES;
				CLANG_WARN_INT_CONVERSION = YES;
				CLANG_WARN_NON_LITERAL_NULL_CONVERSION = YES;
				CLANG_WARN_OBJC_IMPLICIT_RETAIN_SELF = YES;
				CLANG_WARN_OBJC_LITERAL_CONVERSION = YES;
				CLANG_WARN_OBJC_ROOT_CLASS = YES_ERROR;
				CLANG_WARN_QUOTED_INCLUDE_IN_FRAMEWORK_HEADER = YES;
				CLANG_WARN_RANGE_LOOP_ANALYSIS = YES;
				CLANG_WARN_STRICT_PROTOTYPES = YES;
				CLANG_WARN_SUSPICIOUS_MOVE = YES;
				CLANG_WARN_UNGUARDED_AVAILABILITY = YES_AGGRESSIVE;
				CLANG_WARN_UNREACHABLE_CODE = YES;
				CLANG_WARN__DUPLICATE_METHOD_MATCH = YES;
				COPY_PHASE_STRIP = NO;
				DEBUG_INFORMATION_FORMAT = dwarf;
				ENABLE_STRICT_OBJC_MSGSEND = YES;
				ENABLE_TESTABILITY = YES;
				GCC_C_LANGUAGE_STANDARD = gnu11;
				GCC_DYNAMIC_NO_PIC = NO;
				GCC_NO_COMMON_BLOCKS = YES;
				GCC_OPTIMIZATION_LEVEL = 0;
				GCC_PREPROCESSOR_DEFINITIONS = (
					"DEBUG=1",
					"$(inherited)",
				);
				GCC_WARN_64_TO_32_BIT_CONVERSION = YES;
				GCC_WARN_ABOUT_RETURN_TYPE = YES_ERROR;
				GCC_WARN_UNDECLARED_SELECTOR = YES;
				GCC_WARN_UNINITIALIZED_AUTOS = YES_AGGRESSIVE;
				GCC_WARN_UNUSED_FUNCTION = YES;
				GCC_WARN_UNUSED_VARIABLE = YES;
				IPHONEOS_DEPLOYMENT_TARGET = 14.5;
				MTL_ENABLE_DEBUG_INFO = INCLUDE_SOURCE;
				MTL_FAST_MATH = YES;
				ONLY_ACTIVE_ARCH = YES;
				SDKROOT = iphoneos;
				SWIFT_ACTIVE_COMPILATION_CONDITIONS = DEBUG;
				SWIFT_OPTIMIZATION_LEVEL = "-Onone";
			};
			name = Debug;
		};
		552B4ABA26C2665A002443F7 /* Release */ = {
			isa = XCBuildConfiguration;
			buildSettings = {
				ALWAYS_SEARCH_USER_PATHS = NO;
				CLANG_ANALYZER_NONNULL = YES;
				CLANG_ANALYZER_NUMBER_OBJECT_CONVERSION = YES_AGGRESSIVE;
				CLANG_CXX_LANGUAGE_STANDARD = "gnu++14";
				CLANG_CXX_LIBRARY = "libc++";
				CLANG_ENABLE_MODULES = YES;
				CLANG_ENABLE_OBJC_ARC = YES;
				CLANG_ENABLE_OBJC_WEAK = YES;
				CLANG_WARN_BLOCK_CAPTURE_AUTORELEASING = YES;
				CLANG_WARN_BOOL_CONVERSION = YES;
				CLANG_WARN_COMMA = YES;
				CLANG_WARN_CONSTANT_CONVERSION = YES;
				CLANG_WARN_DEPRECATED_OBJC_IMPLEMENTATIONS = YES;
				CLANG_WARN_DIRECT_OBJC_ISA_USAGE = YES_ERROR;
				CLANG_WARN_DOCUMENTATION_COMMENTS = YES;
				CLANG_WARN_EMPTY_BODY = YES;
				CLANG_WARN_ENUM_CONVERSION = YES;
				CLANG_WARN_INFINITE_RECURSION = YES;
				CLANG_WARN_INT_CONVERSION = YES;
				CLANG_WARN_NON_LITERAL_NULL_CONVERSION = YES;
				CLANG_WARN_OBJC_IMPLICIT_RETAIN_SELF = YES;
				CLANG_WARN_OBJC_LITERAL_CONVERSION = YES;
				CLANG_WARN_OBJC_ROOT_CLASS = YES_ERROR;
				CLANG_WARN_QUOTED_INCLUDE_IN_FRAMEWORK_HEADER = YES;
				CLANG_WARN_RANGE_LOOP_ANALYSIS = YES;
				CLANG_WARN_STRICT_PROTOTYPES = YES;
				CLANG_WARN_SUSPICIOUS_MOVE = YES;
				CLANG_WARN_UNGUARDED_AVAILABILITY = YES_AGGRESSIVE;
				CLANG_WARN_UNREACHABLE_CODE = YES;
				CLANG_WARN__DUPLICATE_METHOD_MATCH = YES;
				COPY_PHASE_STRIP = NO;
				DEBUG_INFORMATION_FORMAT = "dwarf-with-dsym";
				ENABLE_NS_ASSERTIONS = NO;
				ENABLE_STRICT_OBJC_MSGSEND = YES;
				GCC_C_LANGUAGE_STANDARD = gnu11;
				GCC_NO_COMMON_BLOCKS = YES;
				GCC_WARN_64_TO_32_BIT_CONVERSION = YES;
				GCC_WARN_ABOUT_RETURN_TYPE = YES_ERROR;
				GCC_WARN_UNDECLARED_SELECTOR = YES;
				GCC_WARN_UNINITIALIZED_AUTOS = YES_AGGRESSIVE;
				GCC_WARN_UNUSED_FUNCTION = YES;
				GCC_WARN_UNUSED_VARIABLE = YES;
				IPHONEOS_DEPLOYMENT_TARGET = 14.5;
				MTL_ENABLE_DEBUG_INFO = NO;
				MTL_FAST_MATH = YES;
				SDKROOT = iphoneos;
				SWIFT_COMPILATION_MODE = wholemodule;
				SWIFT_OPTIMIZATION_LEVEL = "-O";
				VALIDATE_PRODUCT = YES;
			};
			name = Release;
		};
		552B4ABC26C2665A002443F7 /* Debug */ = {
			isa = XCBuildConfiguration;
			buildSettings = {
				ASSETCATALOG_COMPILER_APPICON_NAME = AppIcon;
				ASSETCATALOG_COMPILER_GLOBAL_ACCENT_COLOR_NAME = AccentColor;
				CODE_SIGN_STYLE = Automatic;
				DEVELOPMENT_ASSET_PATHS = "\"MonsterBookSwiftUI/Preview Content\"";
				DEVELOPMENT_TEAM = C89FEC543S;
				ENABLE_PREVIEWS = YES;
				INFOPLIST_FILE = MonsterBookSwiftUI/Info.plist;
				IPHONEOS_DEPLOYMENT_TARGET = 14.0;
				LD_RUNPATH_SEARCH_PATHS = (
					"$(inherited)",
					"@executable_path/Frameworks",
				);
				PRODUCT_BUNDLE_IDENTIFIER = AppleAcademy.MonsterBookSwiftUI;
				PRODUCT_NAME = "$(TARGET_NAME)";
				SWIFT_VERSION = 5.0;
				TARGETED_DEVICE_FAMILY = "1,2";
			};
			name = Debug;
		};
		552B4ABD26C2665A002443F7 /* Release */ = {
			isa = XCBuildConfiguration;
			buildSettings = {
				ASSETCATALOG_COMPILER_APPICON_NAME = AppIcon;
				ASSETCATALOG_COMPILER_GLOBAL_ACCENT_COLOR_NAME = AccentColor;
				CODE_SIGN_STYLE = Automatic;
				DEVELOPMENT_ASSET_PATHS = "\"MonsterBookSwiftUI/Preview Content\"";
				DEVELOPMENT_TEAM = C89FEC543S;
				ENABLE_PREVIEWS = YES;
				INFOPLIST_FILE = MonsterBookSwiftUI/Info.plist;
				IPHONEOS_DEPLOYMENT_TARGET = 14.0;
				LD_RUNPATH_SEARCH_PATHS = (
					"$(inherited)",
					"@executable_path/Frameworks",
				);
				PRODUCT_BUNDLE_IDENTIFIER = AppleAcademy.MonsterBookSwiftUI;
				PRODUCT_NAME = "$(TARGET_NAME)";
				SWIFT_VERSION = 5.0;
				TARGETED_DEVICE_FAMILY = "1,2";
			};
			name = Release;
		};
		552B4ABF26C2665A002443F7 /* Debug */ = {
			isa = XCBuildConfiguration;
			buildSettings = {
				ALWAYS_EMBED_SWIFT_STANDARD_LIBRARIES = YES;
				BUNDLE_LOADER = "$(TEST_HOST)";
				CODE_SIGN_STYLE = Automatic;
				DEVELOPMENT_TEAM = C89FEC543S;
				INFOPLIST_FILE = MonsterBookSwiftUITests/Info.plist;
				IPHONEOS_DEPLOYMENT_TARGET = 14.0;
				LD_RUNPATH_SEARCH_PATHS = (
					"$(inherited)",
					"@executable_path/Frameworks",
					"@loader_path/Frameworks",
				);
				PRODUCT_BUNDLE_IDENTIFIER = AppleAcademy.MonsterBookSwiftUITests;
				PRODUCT_NAME = "$(TARGET_NAME)";
				SWIFT_VERSION = 5.0;
				TARGETED_DEVICE_FAMILY = "1,2";
				TEST_HOST = "$(BUILT_PRODUCTS_DIR)/MonsterBookSwiftUI.app/MonsterBookSwiftUI";
			};
			name = Debug;
		};
		552B4AC026C2665A002443F7 /* Release */ = {
			isa = XCBuildConfiguration;
			buildSettings = {
				ALWAYS_EMBED_SWIFT_STANDARD_LIBRARIES = YES;
				BUNDLE_LOADER = "$(TEST_HOST)";
				CODE_SIGN_STYLE = Automatic;
				DEVELOPMENT_TEAM = C89FEC543S;
				INFOPLIST_FILE = MonsterBookSwiftUITests/Info.plist;
				IPHONEOS_DEPLOYMENT_TARGET = 14.0;
				LD_RUNPATH_SEARCH_PATHS = (
					"$(inherited)",
					"@executable_path/Frameworks",
					"@loader_path/Frameworks",
				);
				PRODUCT_BUNDLE_IDENTIFIER = AppleAcademy.MonsterBookSwiftUITests;
				PRODUCT_NAME = "$(TARGET_NAME)";
				SWIFT_VERSION = 5.0;
				TARGETED_DEVICE_FAMILY = "1,2";
				TEST_HOST = "$(BUILT_PRODUCTS_DIR)/MonsterBookSwiftUI.app/MonsterBookSwiftUI";
			};
			name = Release;
		};
		552B4AC226C2665A002443F7 /* Debug */ = {
			isa = XCBuildConfiguration;
			buildSettings = {
				ALWAYS_EMBED_SWIFT_STANDARD_LIBRARIES = YES;
				CODE_SIGN_STYLE = Automatic;
				DEVELOPMENT_TEAM = C89FEC543S;
				INFOPLIST_FILE = MonsterBookSwiftUIUITests/Info.plist;
				LD_RUNPATH_SEARCH_PATHS = (
					"$(inherited)",
					"@executable_path/Frameworks",
					"@loader_path/Frameworks",
				);
				PRODUCT_BUNDLE_IDENTIFIER = AppleAcademy.MonsterBookSwiftUIUITests;
				PRODUCT_NAME = "$(TARGET_NAME)";
				SWIFT_VERSION = 5.0;
				TARGETED_DEVICE_FAMILY = "1,2";
				TEST_TARGET_NAME = MonsterBookSwiftUI;
			};
			name = Debug;
		};
		552B4AC326C2665A002443F7 /* Release */ = {
			isa = XCBuildConfiguration;
			buildSettings = {
				ALWAYS_EMBED_SWIFT_STANDARD_LIBRARIES = YES;
				CODE_SIGN_STYLE = Automatic;
				DEVELOPMENT_TEAM = C89FEC543S;
				INFOPLIST_FILE = MonsterBookSwiftUIUITests/Info.plist;
				LD_RUNPATH_SEARCH_PATHS = (
					"$(inherited)",
					"@executable_path/Frameworks",
					"@loader_path/Frameworks",
				);
				PRODUCT_BUNDLE_IDENTIFIER = AppleAcademy.MonsterBookSwiftUIUITests;
				PRODUCT_NAME = "$(TARGET_NAME)";
				SWIFT_VERSION = 5.0;
				TARGETED_DEVICE_FAMILY = "1,2";
				TEST_TARGET_NAME = MonsterBookSwiftUI;
			};
			name = Release;
		};
/* End XCBuildConfiguration section */

/* Begin XCConfigurationList section */
		552B4A9126C26658002443F7 /* Build configuration list for PBXProject "MonsterBookSwiftUI" */ = {
			isa = XCConfigurationList;
			buildConfigurations = (
				552B4AB926C2665A002443F7 /* Debug */,
				552B4ABA26C2665A002443F7 /* Release */,
			);
			defaultConfigurationIsVisible = 0;
			defaultConfigurationName = Release;
		};
		552B4ABB26C2665A002443F7 /* Build configuration list for PBXNativeTarget "MonsterBookSwiftUI" */ = {
			isa = XCConfigurationList;
			buildConfigurations = (
				552B4ABC26C2665A002443F7 /* Debug */,
				552B4ABD26C2665A002443F7 /* Release */,
			);
			defaultConfigurationIsVisible = 0;
			defaultConfigurationName = Release;
		};
		552B4ABE26C2665A002443F7 /* Build configuration list for PBXNativeTarget "MonsterBookSwiftUITests" */ = {
			isa = XCConfigurationList;
			buildConfigurations = (
				552B4ABF26C2665A002443F7 /* Debug */,
				552B4AC026C2665A002443F7 /* Release */,
			);
			defaultConfigurationIsVisible = 0;
			defaultConfigurationName = Release;
		};
		552B4AC126C2665A002443F7 /* Build configuration list for PBXNativeTarget "MonsterBookSwiftUIUITests" */ = {
			isa = XCConfigurationList;
			buildConfigurations = (
				552B4AC226C2665A002443F7 /* Debug */,
				552B4AC326C2665A002443F7 /* Release */,
			);
			defaultConfigurationIsVisible = 0;
			defaultConfigurationName = Release;
		};
/* End XCConfigurationList section */
	};
	rootObject = 552B4A8E26C26658002443F7 /* Project object */;
}
